
Microsoft Visual Studio Solution File, Format Version 12.00
# Visual Studio Version 16
VisualStudioVersion = 16.0.31112.23
MinimumVisualStudioVersion = 10.0.40219.1
Project("{FAE04EC0-301F-11D3-BF4B-00C04F79EFBC}") = "DesafioCepMOBRJ.Android", "DesafioCepMOBRJ.Android\DesafioCepMOBRJ.Android.csproj", "{E74EA854-D1CB-482E-87F4-2F7EB36EA376}"
EndProject
Project("{FAE04EC0-301F-11D3-BF4B-00C04F79EFBC}") = "DesafioCepMOBRJ", "DesafioCepMOBRJ\DesafioCepMOBRJ.csproj", "{7D4F1E2E-9BC6-4655-9966-9B74D8EE69DB}"
EndProject
Global
	GlobalSection(SolutionConfigurationPlatforms) = preSolution
		Debug|Any CPU = Debug|Any CPU
		Release|Any CPU = Release|Any CPU
	EndGlobalSection
	GlobalSection(ProjectConfigurationPlatforms) = postSolution
		{E74EA854-D1CB-482E-87F4-2F7EB36EA376}.Debug|Any CPU.ActiveCfg = Debug|Any CPU
		{E74EA854-D1CB-482E-87F4-2F7EB36EA376}.Debug|Any CPU.Build.0 = Debug|Any CPU
		{E74EA854-D1CB-482E-87F4-2F7EB36EA376}.Debug|Any CPU.Deploy.0 = Debug|Any CPU
		{E74EA854-D1CB-482E-87F4-2F7EB36EA376}.Release|Any CPU.ActiveCfg = Release|Any CPU
		{E74EA854-D1CB-482E-87F4-2F7EB36EA376}.Release|Any CPU.Build.0 = Release|Any CPU
		{E74EA854-D1CB-482E-87F4-2F7EB36EA376}.Release|Any CPU.Deploy.0 = Release|Any CPU
		{7D4F1E2E-9BC6-4655-9966-9B74D8EE69DB}.Debug|Any CPU.ActiveCfg = Debug|Any CPU
		{7D4F1E2E-9BC6-4655-9966-9B74D8EE69DB}.Debug|Any CPU.Build.0 = Debug|Any CPU
		{7D4F1E2E-9BC6-4655-9966-9B74D8EE69DB}.Debug|Any CPU.Deploy.0 = Debug|Any CPU
		{7D4F1E2E-9BC6-4655-9966-9B74D8EE69DB}.Release|Any CPU.ActiveCfg = Release|Any CPU
		{7D4F1E2E-9BC6-4655-9966-9B74D8EE69DB}.Release|Any CPU.Build.0 = Release|Any CPU
		{7D4F1E2E-9BC6-4655-9966-9B74D8EE69DB}.Release|Any CPU.Deploy.0 = Release|Any CPU
	EndGlobalSection
	GlobalSection(SolutionProperties) = preSolution
		HideSolutionNode = FALSE
	EndGlobalSection
	GlobalSection(ExtensibilityGlobals) = postSolution
		SolutionGuid = {34575C22-0678-4743-8153-31B91CF7143A}
	EndGlobalSection
EndGlobal
